
Microsoft Visual Studio Solution File, Format Version 12.00
# Visual Studio Version 17
VisualStudioVersion = 17.4.33110.190
MinimumVisualStudioVersion = 10.0.40219.1
Project("{FAE04EC0-301F-11D3-BF4B-00C04F79EFBC}") = "CO-P library", "CO-P library\CO-P library.csproj", "{778961C3-D953-4504-8416-100BAD8A3604}"
EndProject
Project("{FAE04EC0-301F-11D3-BF4B-00C04F79EFBC}") = "Co-P WebAPI", "Co-P WebAPI\Co-P WebAPI.csproj", "{FA21488A-2826-4C74-91E3-FDFD33A8402E}"
EndProject
Global
	GlobalSection(SolutionConfigurationPlatforms) = preSolution
		Debug|Any CPU = Debug|Any CPU
		Release|Any CPU = Release|Any CPU
	EndGlobalSection
	GlobalSection(ProjectConfigurationPlatforms) = postSolution
		{778961C3-D953-4504-8416-100BAD8A3604}.Debug|Any CPU.ActiveCfg = Debug|Any CPU
		{778961C3-D953-4504-8416-100BAD8A3604}.Debug|Any CPU.Build.0 = Debug|Any CPU
		{778961C3-D953-4504-8416-100BAD8A3604}.Release|Any CPU.ActiveCfg = Release|Any CPU
		{778961C3-D953-4504-8416-100BAD8A3604}.Release|Any CPU.Build.0 = Release|Any CPU
		{FA21488A-2826-4C74-91E3-FDFD33A8402E}.Debug|Any CPU.ActiveCfg = Debug|Any CPU
		{FA21488A-2826-4C74-91E3-FDFD33A8402E}.Debug|Any CPU.Build.0 = Debug|Any CPU
		{FA21488A-2826-4C74-91E3-FDFD33A8402E}.Release|Any CPU.ActiveCfg = Release|Any CPU
		{FA21488A-2826-4C74-91E3-FDFD33A8402E}.Release|Any CPU.Build.0 = Release|Any CPU
	EndGlobalSection
	GlobalSection(SolutionProperties) = preSolution
		HideSolutionNode = FALSE
	EndGlobalSection
	GlobalSection(ExtensibilityGlobals) = postSolution
		SolutionGuid = {4409B52D-0760-4E2B-BCEE-DA79A3327D24}
	EndGlobalSection
EndGlobal
